
Microsoft Visual Studio Solution File, Format Version 12.00
# Visual Studio Version 17
VisualStudioVersion = 17.4.33110.190
MinimumVisualStudioVersion = 10.0.40219.1
Project("{FAE04EC0-301F-11D3-BF4B-00C04F79EFBC}") = "Authentication", "Authentication\Authentication.csproj", "{ADF47ADC-9507-46A8-8B59-D43149265CE2}"
EndProject
Global
	GlobalSection(SolutionConfigurationPlatforms) = preSolution
		Debug|Any CPU = Debug|Any CPU
		Release|Any CPU = Release|Any CPU
	EndGlobalSection
	GlobalSection(ProjectConfigurationPlatforms) = postSolution
		{ADF47ADC-9507-46A8-8B59-D43149265CE2}.Debug|Any CPU.ActiveCfg = Debug|Any CPU
		{ADF47ADC-9507-46A8-8B59-D43149265CE2}.Debug|Any CPU.Build.0 = Debug|Any CPU
		{ADF47ADC-9507-46A8-8B59-D43149265CE2}.Release|Any CPU.ActiveCfg = Release|Any CPU
		{ADF47ADC-9507-46A8-8B59-D43149265CE2}.Release|Any CPU.Build.0 = Release|Any CPU
	EndGlobalSection
	GlobalSection(SolutionProperties) = preSolution
		HideSolutionNode = FALSE
	EndGlobalSection
	GlobalSection(ExtensibilityGlobals) = postSolution
		SolutionGuid = {043327DA-45D2-42CF-B297-64B9922BE482}
	EndGlobalSection
EndGlobal
